
Microsoft Visual Studio Solution File, Format Version 12.00
# Visual Studio Version 17
VisualStudioVersion = 17.8.34330.188
MinimumVisualStudioVersion = 10.0.40219.1
Project("{FAE04EC0-301F-11D3-BF4B-00C04F79EFBC}") = "ConsoleApp", "ConsoleApp.csproj", "{DEC4CE7C-F30E-484B-B49F-C73EA2468D13}"
EndProject
Global
	GlobalSection(SolutionConfigurationPlatforms) = preSolution
		Debug|Any CPU = Debug|Any CPU
		Release|Any CPU = Release|Any CPU
	EndGlobalSection
	GlobalSection(ProjectConfigurationPlatforms) = postSolution
		{DEC4CE7C-F30E-484B-B49F-C73EA2468D13}.Debug|Any CPU.ActiveCfg = Debug|Any CPU
		{DEC4CE7C-F30E-484B-B49F-C73EA2468D13}.Debug|Any CPU.Build.0 = Debug|Any CPU
		{DEC4CE7C-F30E-484B-B49F-C73EA2468D13}.Release|Any CPU.ActiveCfg = Release|Any CPU
		{DEC4CE7C-F30E-484B-B49F-C73EA2468D13}.Release|Any CPU.Build.0 = Release|Any CPU
	EndGlobalSection
	GlobalSection(SolutionProperties) = preSolution
		HideSolutionNode = FALSE
	EndGlobalSection
	GlobalSection(ExtensibilityGlobals) = postSolution
		SolutionGuid = {D3E86E7E-A07F-438B-A9B3-94F7619AC3E5}
	EndGlobalSection
EndGlobal
